// !$*UTF8*$!
{
	archiveVersion = 1;
	classes = {
	};
	objectVersion = 50;
	objects = {

/* Begin PBXBuildFile section */
		4C0B95FA2547577E00815268 /* DataProvider.swift in Sources */ = {isa = PBXBuildFile; fileRef = 4C0B95F92547577E00815268 /* DataProvider.swift */; };
		4C0B960225475D0600815268 /* DataStore.swift in Sources */ = {isa = PBXBuildFile; fileRef = 4C0B960125475D0600815268 /* DataStore.swift */; };
		4C3C9F0B2556E4CA0008F7E8 /* emojis_7_0.json in Resources */ = {isa = PBXBuildFile; fileRef = 4C3C9F0A2556E4CA0008F7E8 /* emojis_7_0.json */; };
		4C724E12255816E700EE7994 /* emojis_7_1.json in Resources */ = {isa = PBXBuildFile; fileRef = 4C724E11255816E700EE7994 /* emojis_7_1.json */; };
		4C7534062555B5D700F9FF92 /* EmojiPicker.swift in Sources */ = {isa = PBXBuildFile; fileRef = 4C7534052555B5D700F9FF92 /* EmojiPicker.swift */; };
		4C7534132555B80700F9FF92 /* EmojisModel.swift in Sources */ = {isa = PBXBuildFile; fileRef = 4C7534122555B80700F9FF92 /* EmojisModel.swift */; };
		4CA9CD952541E55000A83296 /* WristEmojis WatchKit App.app in Embed Watch Content */ = {isa = PBXBuildFile; fileRef = 4CA9CD942541E55000A83296 /* WristEmojis WatchKit App.app */; settings = {ATTRIBUTES = (RemoveHeadersOnCopy, ); }; };
		4CA9CD9A2541E55200A83296 /* Assets.xcassets in Resources */ = {isa = PBXBuildFile; fileRef = 4CA9CD992541E55200A83296 /* Assets.xcassets */; };
		4CA9CDA12541E55300A83296 /* WristEmojis WatchKit Extension.appex in Embed App Extensions */ = {isa = PBXBuildFile; fileRef = 4CA9CDA02541E55300A83296 /* WristEmojis WatchKit Extension.appex */; settings = {ATTRIBUTES = (RemoveHeadersOnCopy, ); }; };
		4CA9CDA62541E55300A83296 /* HomeView.swift in Sources */ = {isa = PBXBuildFile; fileRef = 4CA9CDA52541E55300A83296 /* HomeView.swift */; };
		4CA9CDA82541E55300A83296 /* WristEmojisApp.swift in Sources */ = {isa = PBXBuildFile; fileRef = 4CA9CDA72541E55300A83296 /* WristEmojisApp.swift */; };
		4CA9CDAA2541E55300A83296 /* ComplicationController.swift in Sources */ = {isa = PBXBuildFile; fileRef = 4CA9CDA92541E55300A83296 /* ComplicationController.swift */; };
		4CA9CDAC2541E55400A83296 /* Assets.xcassets in Resources */ = {isa = PBXBuildFile; fileRef = 4CA9CDAB2541E55400A83296 /* Assets.xcassets */; };
		4CA9CDAF2541E55400A83296 /* Preview Assets.xcassets in Resources */ = {isa = PBXBuildFile; fileRef = 4CA9CDAE2541E55400A83296 /* Preview Assets.xcassets */; };
		4CA9CDCF2541EB0500A83296 /* HomeViewProvider.swift in Sources */ = {isa = PBXBuildFile; fileRef = 4CA9CDCE2541EB0500A83296 /* HomeViewProvider.swift */; };
		4CA9CDDE2541F1B700A83296 /* DetailView.swift in Sources */ = {isa = PBXBuildFile; fileRef = 4CA9CDDD2541F1B700A83296 /* DetailView.swift */; };
		4CA9CDE32541F49400A83296 /* DetailViewPovider.swift in Sources */ = {isa = PBXBuildFile; fileRef = 4CA9CDE22541F49400A83296 /* DetailViewPovider.swift */; };
		4CA9CDEB2544519100A83296 /* View+Embed.swift in Sources */ = {isa = PBXBuildFile; fileRef = 4CA9CDEA2544519100A83296 /* View+Embed.swift */; };
/* End PBXBuildFile section */

/* Begin PBXContainerItemProxy section */
		4CA9CD962541E55000A83296 /* PBXContainerItemProxy */ = {
			isa = PBXContainerItemProxy;
			containerPortal = 4CA9CD8A2541E54F00A83296 /* Project object */;
			proxyType = 1;
			remoteGlobalIDString = 4CA9CD932541E55000A83296;
			remoteInfo = "WristEmojis WatchKit App";
		};
		4CA9CDA22541E55300A83296 /* PBXContainerItemProxy */ = {
			isa = PBXContainerItemProxy;
			containerPortal = 4CA9CD8A2541E54F00A83296 /* Project object */;
			proxyType = 1;
			remoteGlobalIDString = 4CA9CD9F2541E55300A83296;
			remoteInfo = "WristEmojis WatchKit Extension";
		};
/* End PBXContainerItemProxy section */

/* Begin PBXCopyFilesBuildPhase section */
		4CA9CDB62541E55400A83296 /* Embed App Extensions */ = {
			isa = PBXCopyFilesBuildPhase;
			buildActionMask = 2147483647;
			dstPath = "";
			dstSubfolderSpec = 13;
			files = (
				4CA9CDA12541E55300A83296 /* WristEmojis WatchKit Extension.appex in Embed App Extensions */,
			);
			name = "Embed App Extensions";
			runOnlyForDeploymentPostprocessing = 0;
		};
		4CA9CDBA2541E55400A83296 /* Embed Watch Content */ = {
			isa = PBXCopyFilesBuildPhase;
			buildActionMask = 2147483647;
			dstPath = "$(CONTENTS_FOLDER_PATH)/Watch";
			dstSubfolderSpec = 16;
			files = (
				4CA9CD952541E55000A83296 /* WristEmojis WatchKit App.app in Embed Watch Content */,
			);
			name = "Embed Watch Content";
			runOnlyForDeploymentPostprocessing = 0;
		};
/* End PBXCopyFilesBuildPhase section */

/* Begin PBXFileReference section */
		4C0B95F92547577E00815268 /* DataProvider.swift */ = {isa = PBXFileReference; lastKnownFileType = sourcecode.swift; path = DataProvider.swift; sourceTree = "<group>"; };
		4C0B960125475D0600815268 /* DataStore.swift */ = {isa = PBXFileReference; lastKnownFileType = sourcecode.swift; path = DataStore.swift; sourceTree = "<group>"; };
		4C3C9F0A2556E4CA0008F7E8 /* emojis_7_0.json */ = {isa = PBXFileReference; lastKnownFileType = text.json; path = emojis_7_0.json; sourceTree = "<group>"; };
		4C724E11255816E700EE7994 /* emojis_7_1.json */ = {isa = PBXFileReference; lastKnownFileType = text.json; path = emojis_7_1.json; sourceTree = "<group>"; };
		4C724E192558189700EE7994 /* EmojiCurator.playground */ = {isa = PBXFileReference; lastKnownFileType = file.playground; path = EmojiCurator.playground; sourceTree = "<group>"; xcLanguageSpecificationIdentifier = xcode.lang.swift; };
		4C7534052555B5D700F9FF92 /* EmojiPicker.swift */ = {isa = PBXFileReference; lastKnownFileType = sourcecode.swift; path = EmojiPicker.swift; sourceTree = "<group>"; };
		4C7534122555B80700F9FF92 /* EmojisModel.swift */ = {isa = PBXFileReference; lastKnownFileType = sourcecode.swift; path = EmojisModel.swift; sourceTree = "<group>"; };
		4CA9CD902541E55000A83296 /* WristEmojis.app */ = {isa = PBXFileReference; explicitFileType = wrapper.application; includeInIndex = 0; path = WristEmojis.app; sourceTree = BUILT_PRODUCTS_DIR; };
		4CA9CD942541E55000A83296 /* WristEmojis WatchKit App.app */ = {isa = PBXFileReference; explicitFileType = wrapper.application; includeInIndex = 0; path = "WristEmojis WatchKit App.app"; sourceTree = BUILT_PRODUCTS_DIR; };
		4CA9CD992541E55200A83296 /* Assets.xcassets */ = {isa = PBXFileReference; lastKnownFileType = folder.assetcatalog; path = Assets.xcassets; sourceTree = "<group>"; };
		4CA9CD9B2541E55200A83296 /* Info.plist */ = {isa = PBXFileReference; lastKnownFileType = text.plist.xml; path = Info.plist; sourceTree = "<group>"; };
		4CA9CDA02541E55300A83296 /* WristEmojis WatchKit Extension.appex */ = {isa = PBXFileReference; explicitFileType = "wrapper.app-extension"; includeInIndex = 0; path = "WristEmojis WatchKit Extension.appex"; sourceTree = BUILT_PRODUCTS_DIR; };
		4CA9CDA52541E55300A83296 /* HomeView.swift */ = {isa = PBXFileReference; lastKnownFileType = sourcecode.swift; path = HomeView.swift; sourceTree = "<group>"; };
		4CA9CDA72541E55300A83296 /* WristEmojisApp.swift */ = {isa = PBXFileReference; lastKnownFileType = sourcecode.swift; path = WristEmojisApp.swift; sourceTree = "<group>"; };
		4CA9CDA92541E55300A83296 /* ComplicationController.swift */ = {isa = PBXFileReference; lastKnownFileType = sourcecode.swift; path = ComplicationController.swift; sourceTree = "<group>"; };
		4CA9CDAB2541E55400A83296 /* Assets.xcassets */ = {isa = PBXFileReference; lastKnownFileType = folder.assetcatalog; path = Assets.xcassets; sourceTree = "<group>"; };
		4CA9CDAE2541E55400A83296 /* Preview Assets.xcassets */ = {isa = PBXFileReference; lastKnownFileType = folder.assetcatalog; path = "Preview Assets.xcassets"; sourceTree = "<group>"; };
		4CA9CDB02541E55400A83296 /* Info.plist */ = {isa = PBXFileReference; lastKnownFileType = text.plist.xml; path = Info.plist; sourceTree = "<group>"; };
		4CA9CDCE2541EB0500A83296 /* HomeViewProvider.swift */ = {isa = PBXFileReference; lastKnownFileType = sourcecode.swift; path = HomeViewProvider.swift; sourceTree = "<group>"; };
		4CA9CDDD2541F1B700A83296 /* DetailView.swift */ = {isa = PBXFileReference; lastKnownFileType = sourcecode.swift; path = DetailView.swift; sourceTree = "<group>"; };
		4CA9CDE22541F49400A83296 /* DetailViewPovider.swift */ = {isa = PBXFileReference; lastKnownFileType = sourcecode.swift; path = DetailViewPovider.swift; sourceTree = "<group>"; };
		4CA9CDEA2544519100A83296 /* View+Embed.swift */ = {isa = PBXFileReference; lastKnownFileType = sourcecode.swift; path = "View+Embed.swift"; sourceTree = "<group>"; };
/* End PBXFileReference section */

/* Begin PBXFrameworksBuildPhase section */
		4CA9CD9D2541E55300A83296 /* Frameworks */ = {
			isa = PBXFrameworksBuildPhase;
			buildActionMask = 2147483647;
			files = (
			);
			runOnlyForDeploymentPostprocessing = 0;
		};
/* End PBXFrameworksBuildPhase section */

/* Begin PBXGroup section */
		4C0B95F82547577000815268 /* DataProvider */ = {
			isa = PBXGroup;
			children = (
				4C0B95F92547577E00815268 /* DataProvider.swift */,
				4C0B960125475D0600815268 /* DataStore.swift */,
			);
			path = DataProvider;
			sourceTree = "<group>";
		};
		4C7534042555B5B200F9FF92 /* EmojiPicker */ = {
			isa = PBXGroup;
			children = (
				4C7534122555B80700F9FF92 /* EmojisModel.swift */,
				4C7534052555B5D700F9FF92 /* EmojiPicker.swift */,
				4C3C9F0A2556E4CA0008F7E8 /* emojis_7_0.json */,
				4C724E11255816E700EE7994 /* emojis_7_1.json */,
			);
			path = EmojiPicker;
			sourceTree = "<group>";
		};
		4CA9CD892541E54F00A83296 = {
			isa = PBXGroup;
			children = (
				4C724E192558189700EE7994 /* EmojiCurator.playground */,
				4CA9CD982541E55000A83296 /* WristEmojis WatchKit App */,
				4CA9CDA42541E55300A83296 /* WristEmojis WatchKit Extension */,
				4CA9CD912541E55000A83296 /* Products */,
			);
			sourceTree = "<group>";
		};
		4CA9CD912541E55000A83296 /* Products */ = {
			isa = PBXGroup;
			children = (
				4CA9CD902541E55000A83296 /* WristEmojis.app */,
				4CA9CD942541E55000A83296 /* WristEmojis WatchKit App.app */,
				4CA9CDA02541E55300A83296 /* WristEmojis WatchKit Extension.appex */,
			);
			name = Products;
			sourceTree = "<group>";
		};
		4CA9CD982541E55000A83296 /* WristEmojis WatchKit App */ = {
			isa = PBXGroup;
			children = (
				4CA9CD992541E55200A83296 /* Assets.xcassets */,
				4CA9CD9B2541E55200A83296 /* Info.plist */,
			);
			path = "WristEmojis WatchKit App";
			sourceTree = "<group>";
		};
		4CA9CDA42541E55300A83296 /* WristEmojis WatchKit Extension */ = {
			isa = PBXGroup;
			children = (
				4CA9CDEA2544519100A83296 /* View+Embed.swift */,
				4C7534042555B5B200F9FF92 /* EmojiPicker */,
				4C0B95F82547577000815268 /* DataProvider */,
				4CA9CDDC2541F19D00A83296 /* DetailView */,
				4CA9CDCD2541EAF300A83296 /* HomeView */,
				4CA9CDA72541E55300A83296 /* WristEmojisApp.swift */,
				4CA9CDA92541E55300A83296 /* ComplicationController.swift */,
				4CA9CDAB2541E55400A83296 /* Assets.xcassets */,
				4CA9CDB02541E55400A83296 /* Info.plist */,
				4CA9CDAD2541E55400A83296 /* Preview Content */,
			);
			path = "WristEmojis WatchKit Extension";
			sourceTree = "<group>";
		};
		4CA9CDAD2541E55400A83296 /* Preview Content */ = {
			isa = PBXGroup;
			children = (
				4CA9CDAE2541E55400A83296 /* Preview Assets.xcassets */,
			);
			path = "Preview Content";
			sourceTree = "<group>";
		};
		4CA9CDCD2541EAF300A83296 /* HomeView */ = {
			isa = PBXGroup;
			children = (
				4CA9CDCE2541EB0500A83296 /* HomeViewProvider.swift */,
				4CA9CDA52541E55300A83296 /* HomeView.swift */,
			);
			path = HomeView;
			sourceTree = "<group>";
		};
		4CA9CDDC2541F19D00A83296 /* DetailView */ = {
			isa = PBXGroup;
			children = (
				4CA9CDE22541F49400A83296 /* DetailViewPovider.swift */,
				4CA9CDDD2541F1B700A83296 /* DetailView.swift */,
			);
			path = DetailView;
			sourceTree = "<group>";
		};
/* End PBXGroup section */

/* Begin PBXNativeTarget section */
		4CA9CD8F2541E55000A83296 /* WristEmojis */ = {
			isa = PBXNativeTarget;
			buildConfigurationList = 4CA9CDBB2541E55400A83296 /* Build configuration list for PBXNativeTarget "WristEmojis" */;
			buildPhases = (
				4CA9CD8E2541E55000A83296 /* Resources */,
				4CA9CDBA2541E55400A83296 /* Embed Watch Content */,
			);
			buildRules = (
			);
			dependencies = (
				4CA9CD972541E55000A83296 /* PBXTargetDependency */,
			);
			name = WristEmojis;
			productName = WristEmojis;
			productReference = 4CA9CD902541E55000A83296 /* WristEmojis.app */;
			productType = "com.apple.product-type.application.watchapp2-container";
		};
		4CA9CD932541E55000A83296 /* WristEmojis WatchKit App */ = {
			isa = PBXNativeTarget;
			buildConfigurationList = 4CA9CDB72541E55400A83296 /* Build configuration list for PBXNativeTarget "WristEmojis WatchKit App" */;
			buildPhases = (
				4CA9CD922541E55000A83296 /* Resources */,
				4CA9CDB62541E55400A83296 /* Embed App Extensions */,
			);
			buildRules = (
			);
			dependencies = (
				4CA9CDA32541E55300A83296 /* PBXTargetDependency */,
			);
			name = "WristEmojis WatchKit App";
			productName = "WristEmojis WatchKit App";
			productReference = 4CA9CD942541E55000A83296 /* WristEmojis WatchKit App.app */;
			productType = "com.apple.product-type.application.watchapp2";
		};
		4CA9CD9F2541E55300A83296 /* WristEmojis WatchKit Extension */ = {
			isa = PBXNativeTarget;
			buildConfigurationList = 4CA9CDB32541E55400A83296 /* Build configuration list for PBXNativeTarget "WristEmojis WatchKit Extension" */;
			buildPhases = (
				4CA9CD9C2541E55300A83296 /* Sources */,
				4CA9CD9D2541E55300A83296 /* Frameworks */,
				4CA9CD9E2541E55300A83296 /* Resources */,
			);
			buildRules = (
			);
			dependencies = (
			);
			name = "WristEmojis WatchKit Extension";
			productName = "WristEmojis WatchKit Extension";
			productReference = 4CA9CDA02541E55300A83296 /* WristEmojis WatchKit Extension.appex */;
			productType = "com.apple.product-type.watchkit2-extension";
		};
/* End PBXNativeTarget section */

/* Begin PBXProject section */
		4CA9CD8A2541E54F00A83296 /* Project object */ = {
			isa = PBXProject;
			attributes = {
				LastSwiftUpdateCheck = 1200;
				LastUpgradeCheck = 1200;
				TargetAttributes = {
					4CA9CD8F2541E55000A83296 = {
						CreatedOnToolsVersion = 12.0;
					};
					4CA9CD932541E55000A83296 = {
						CreatedOnToolsVersion = 12.0;
					};
					4CA9CD9F2541E55300A83296 = {
						CreatedOnToolsVersion = 12.0;
					};
				};
			};
			buildConfigurationList = 4CA9CD8D2541E54F00A83296 /* Build configuration list for PBXProject "WristEmojis" */;
			compatibilityVersion = "Xcode 9.3";
			developmentRegion = en;
			hasScannedForEncodings = 0;
			knownRegions = (
				en,
				Base,
			);
			mainGroup = 4CA9CD892541E54F00A83296;
			productRefGroup = 4CA9CD912541E55000A83296 /* Products */;
			projectDirPath = "";
			projectRoot = "";
			targets = (
				4CA9CD8F2541E55000A83296 /* WristEmojis */,
				4CA9CD932541E55000A83296 /* WristEmojis WatchKit App */,
				4CA9CD9F2541E55300A83296 /* WristEmojis WatchKit Extension */,
			);
		};
/* End PBXProject section */

/* Begin PBXResourcesBuildPhase section */
		4CA9CD8E2541E55000A83296 /* Resources */ = {
			isa = PBXResourcesBuildPhase;
			buildActionMask = 2147483647;
			files = (
			);
			runOnlyForDeploymentPostprocessing = 0;
		};
		4CA9CD922541E55000A83296 /* Resources */ = {
			isa = PBXResourcesBuildPhase;
			buildActionMask = 2147483647;
			files = (
				4CA9CD9A2541E55200A83296 /* Assets.xcassets in Resources */,
			);
			runOnlyForDeploymentPostprocessing = 0;
		};
		4CA9CD9E2541E55300A83296 /* Resources */ = {
			isa = PBXResourcesBuildPhase;
			buildActionMask = 2147483647;
			files = (
				4C3C9F0B2556E4CA0008F7E8 /* emojis_7_0.json in Resources */,
				4C724E12255816E700EE7994 /* emojis_7_1.json in Resources */,
				4CA9CDAF2541E55400A83296 /* Preview Assets.xcassets in Resources */,
				4CA9CDAC2541E55400A83296 /* Assets.xcassets in Resources */,
			);
			runOnlyForDeploymentPostprocessing = 0;
		};
/* End PBXResourcesBuildPhase section */

/* Begin PBXSourcesBuildPhase section */
		4CA9CD9C2541E55300A83296 /* Sources */ = {
			isa = PBXSourcesBuildPhase;
			buildActionMask = 2147483647;
			files = (
				4CA9CDCF2541EB0500A83296 /* HomeViewProvider.swift in Sources */,
				4CA9CDE32541F49400A83296 /* DetailViewPovider.swift in Sources */,
				4C7534062555B5D700F9FF92 /* EmojiPicker.swift in Sources */,
				4C0B95FA2547577E00815268 /* DataProvider.swift in Sources */,
				4CA9CDA82541E55300A83296 /* WristEmojisApp.swift in Sources */,
				4CA9CDA62541E55300A83296 /* HomeView.swift in Sources */,
				4CA9CDDE2541F1B700A83296 /* DetailView.swift in Sources */,
				4C7534132555B80700F9FF92 /* EmojisModel.swift in Sources */,
				4CA9CDAA2541E55300A83296 /* ComplicationController.swift in Sources */,
				4C0B960225475D0600815268 /* DataStore.swift in Sources */,
				4CA9CDEB2544519100A83296 /* View+Embed.swift in Sources */,
			);
			runOnlyForDeploymentPostprocessing = 0;
		};
/* End PBXSourcesBuildPhase section */

/* Begin PBXTargetDependency section */
		4CA9CD972541E55000A83296 /* PBXTargetDependency */ = {
			isa = PBXTargetDependency;
			target = 4CA9CD932541E55000A83296 /* WristEmojis WatchKit App */;
			targetProxy = 4CA9CD962541E55000A83296 /* PBXContainerItemProxy */;
		};
		4CA9CDA32541E55300A83296 /* PBXTargetDependency */ = {
			isa = PBXTargetDependency;
			target = 4CA9CD9F2541E55300A83296 /* WristEmojis WatchKit Extension */;
			targetProxy = 4CA9CDA22541E55300A83296 /* PBXContainerItemProxy */;
		};
/* End PBXTargetDependency section */

/* Begin XCBuildConfiguration section */
		4CA9CDB12541E55400A83296 /* Debug */ = {
			isa = XCBuildConfiguration;
			buildSettings = {
				ALWAYS_SEARCH_USER_PATHS = NO;
				CLANG_ANALYZER_NONNULL = YES;
				CLANG_ANALYZER_NUMBER_OBJECT_CONVERSION = YES_AGGRESSIVE;
				CLANG_CXX_LANGUAGE_STANDARD = "gnu++14";
				CLANG_CXX_LIBRARY = "libc++";
				CLANG_ENABLE_MODULES = YES;
				CLANG_ENABLE_OBJC_ARC = YES;
				CLANG_ENABLE_OBJC_WEAK = YES;
				CLANG_WARN_BLOCK_CAPTURE_AUTORELEASING = YES;
				CLANG_WARN_BOOL_CONVERSION = YES;
				CLANG_WARN_COMMA = YES;
				CLANG_WARN_CONSTANT_CONVERSION = YES;
				CLANG_WARN_DEPRECATED_OBJC_IMPLEMENTATIONS = YES;
				CLANG_WARN_DIRECT_OBJC_ISA_USAGE = YES_ERROR;
				CLANG_WARN_DOCUMENTATION_COMMENTS = YES;
				CLANG_WARN_EMPTY_BODY = YES;
				CLANG_WARN_ENUM_CONVERSION = YES;
				CLANG_WARN_INFINITE_RECURSION = YES;
				CLANG_WARN_INT_CONVERSION = YES;
				CLANG_WARN_NON_LITERAL_NULL_CONVERSION = YES;
				CLANG_WARN_OBJC_IMPLICIT_RETAIN_SELF = YES;
				CLANG_WARN_OBJC_LITERAL_CONVERSION = YES;
				CLANG_WARN_OBJC_ROOT_CLASS = YES_ERROR;
				CLANG_WARN_QUOTED_INCLUDE_IN_FRAMEWORK_HEADER = YES;
				CLANG_WARN_RANGE_LOOP_ANALYSIS = YES;
				CLANG_WARN_STRICT_PROTOTYPES = YES;
				CLANG_WARN_SUSPICIOUS_MOVE = YES;
				CLANG_WARN_UNGUARDED_AVAILABILITY = YES_AGGRESSIVE;
				CLANG_WARN_UNREACHABLE_CODE = YES;
				CLANG_WARN__DUPLICATE_METHOD_MATCH = YES;
				COPY_PHASE_STRIP = NO;
				DEBUG_INFORMATION_FORMAT = dwarf;
				ENABLE_STRICT_OBJC_MSGSEND = YES;
				ENABLE_TESTABILITY = YES;
				GCC_C_LANGUAGE_STANDARD = gnu11;
				GCC_DYNAMIC_NO_PIC = NO;
				GCC_NO_COMMON_BLOCKS = YES;
				GCC_OPTIMIZATION_LEVEL = 0;
				GCC_PREPROCESSOR_DEFINITIONS = (
					"DEBUG=1",
					"$(inherited)",
				);
				GCC_WARN_64_TO_32_BIT_CONVERSION = YES;
				GCC_WARN_ABOUT_RETURN_TYPE = YES_ERROR;
				GCC_WARN_UNDECLARED_SELECTOR = YES;
				GCC_WARN_UNINITIALIZED_AUTOS = YES_AGGRESSIVE;
				GCC_WARN_UNUSED_FUNCTION = YES;
				GCC_WARN_UNUSED_VARIABLE = YES;
				MTL_ENABLE_DEBUG_INFO = INCLUDE_SOURCE;
				MTL_FAST_MATH = YES;
				ONLY_ACTIVE_ARCH = YES;
				SDKROOT = iphoneos;
				SWIFT_ACTIVE_COMPILATION_CONDITIONS = DEBUG;
				SWIFT_OPTIMIZATION_LEVEL = "-Onone";
			};
			name = Debug;
		};
		4CA9CDB22541E55400A83296 /* Release */ = {
			isa = XCBuildConfiguration;
			buildSettings = {
				ALWAYS_SEARCH_USER_PATHS = NO;
				CLANG_ANALYZER_NONNULL = YES;
				CLANG_ANALYZER_NUMBER_OBJECT_CONVERSION = YES_AGGRESSIVE;
				CLANG_CXX_LANGUAGE_STANDARD = "gnu++14";
				CLANG_CXX_LIBRARY = "libc++";
				CLANG_ENABLE_MODULES = YES;
				CLANG_ENABLE_OBJC_ARC = YES;
				CLANG_ENABLE_OBJC_WEAK = YES;
				CLANG_WARN_BLOCK_CAPTURE_AUTORELEASING = YES;
				CLANG_WARN_BOOL_CONVERSION = YES;
				CLANG_WARN_COMMA = YES;
				CLANG_WARN_CONSTANT_CONVERSION = YES;
				CLANG_WARN_DEPRECATED_OBJC_IMPLEMENTATIONS = YES;
				CLANG_WARN_DIRECT_OBJC_ISA_USAGE = YES_ERROR;
				CLANG_WARN_DOCUMENTATION_COMMENTS = YES;
				CLANG_WARN_EMPTY_BODY = YES;
				CLANG_WARN_ENUM_CONVERSION = YES;
				CLANG_WARN_INFINITE_RECURSION = YES;
				CLANG_WARN_INT_CONVERSION = YES;
				CLANG_WARN_NON_LITERAL_NULL_CONVERSION = YES;
				CLANG_WARN_OBJC_IMPLICIT_RETAIN_SELF = YES;
				CLANG_WARN_OBJC_LITERAL_CONVERSION = YES;
				CLANG_WARN_OBJC_ROOT_CLASS = YES_ERROR;
				CLANG_WARN_QUOTED_INCLUDE_IN_FRAMEWORK_HEADER = YES;
				CLANG_WARN_RANGE_LOOP_ANALYSIS = YES;
				CLANG_WARN_STRICT_PROTOTYPES = YES;
				CLANG_WARN_SUSPICIOUS_MOVE = YES;
				CLANG_WARN_UNGUARDED_AVAILABILITY = YES_AGGRESSIVE;
				CLANG_WARN_UNREACHABLE_CODE = YES;
				CLANG_WARN__DUPLICATE_METHOD_MATCH = YES;
				COPY_PHASE_STRIP = NO;
				DEBUG_INFORMATION_FORMAT = "dwarf-with-dsym";
				ENABLE_NS_ASSERTIONS = NO;
				ENABLE_STRICT_OBJC_MSGSEND = YES;
				GCC_C_LANGUAGE_STANDARD = gnu11;
				GCC_NO_COMMON_BLOCKS = YES;
				GCC_WARN_64_TO_32_BIT_CONVERSION = YES;
				GCC_WARN_ABOUT_RETURN_TYPE = YES_ERROR;
				GCC_WARN_UNDECLARED_SELECTOR = YES;
				GCC_WARN_UNINITIALIZED_AUTOS = YES_AGGRESSIVE;
				GCC_WARN_UNUSED_FUNCTION = YES;
				GCC_WARN_UNUSED_VARIABLE = YES;
				MTL_ENABLE_DEBUG_INFO = NO;
				MTL_FAST_MATH = YES;
				SDKROOT = iphoneos;
				SWIFT_COMPILATION_MODE = wholemodule;
				SWIFT_OPTIMIZATION_LEVEL = "-O";
				VALIDATE_PRODUCT = YES;
			};
			name = Release;
		};
		4CA9CDB42541E55400A83296 /* Debug */ = {
			isa = XCBuildConfiguration;
			buildSettings = {
				ASSETCATALOG_COMPILER_COMPLICATION_NAME = Complication;
				CODE_SIGN_STYLE = Automatic;
				DEVELOPMENT_ASSET_PATHS = "\"WristEmojis WatchKit Extension/Preview Content\"";
				DEVELOPMENT_TEAM = GQQ4RZBUL3;
				ENABLE_PREVIEWS = YES;
				INFOPLIST_FILE = "WristEmojis WatchKit Extension/Info.plist";
				LD_RUNPATH_SEARCH_PATHS = (
					"$(inherited)",
					"@executable_path/Frameworks",
					"@executable_path/../../Frameworks",
				);
				MARKETING_VERSION = 1.0.0;
				PRODUCT_BUNDLE_IDENTIFIER = at.Schoder.WristEmojis.watchkitapp.watchkitextension;
				PRODUCT_NAME = "${TARGET_NAME}";
				SDKROOT = watchos;
				SKIP_INSTALL = YES;
				SWIFT_VERSION = 5.0;
				TARGETED_DEVICE_FAMILY = 4;
				WATCHOS_DEPLOYMENT_TARGET = 7.0;
			};
			name = Debug;
		};
		4CA9CDB52541E55400A83296 /* Release */ = {
			isa = XCBuildConfiguration;
			buildSettings = {
				ASSETCATALOG_COMPILER_COMPLICATION_NAME = Complication;
				CODE_SIGN_STYLE = Automatic;
				DEVELOPMENT_ASSET_PATHS = "\"WristEmojis WatchKit Extension/Preview Content\"";
				DEVELOPMENT_TEAM = GQQ4RZBUL3;
				ENABLE_PREVIEWS = YES;
				INFOPLIST_FILE = "WristEmojis WatchKit Extension/Info.plist";
				LD_RUNPATH_SEARCH_PATHS = (
					"$(inherited)",
					"@executable_path/Frameworks",
					"@executable_path/../../Frameworks",
				);
				MARKETING_VERSION = 1.0.0;
				PRODUCT_BUNDLE_IDENTIFIER = at.Schoder.WristEmojis.watchkitapp.watchkitextension;
				PRODUCT_NAME = "${TARGET_NAME}";
				SDKROOT = watchos;
				SKIP_INSTALL = YES;
				SWIFT_VERSION = 5.0;
				TARGETED_DEVICE_FAMILY = 4;
				WATCHOS_DEPLOYMENT_TARGET = 7.0;
			};
			name = Release;
		};
		4CA9CDB82541E55400A83296 /* Debug */ = {
			isa = XCBuildConfiguration;
			buildSettings = {
				ALWAYS_EMBED_SWIFT_STANDARD_LIBRARIES = YES;
				ASSETCATALOG_COMPILER_APPICON_NAME = AppIcon;
				ASSETCATALOG_COMPILER_GLOBAL_ACCENT_COLOR_NAME = AccentColor;
				CODE_SIGN_STYLE = Automatic;
				DEVELOPMENT_TEAM = GQQ4RZBUL3;
				IBSC_MODULE = WristEmojis_WatchKit_Extension;
				INFOPLIST_FILE = "WristEmojis WatchKit App/Info.plist";
				MARKETING_VERSION = 1.0.0;
				PRODUCT_BUNDLE_IDENTIFIER = at.Schoder.WristEmojis.watchkitapp;
				PRODUCT_NAME = "$(TARGET_NAME)";
				SDKROOT = watchos;
				SKIP_INSTALL = YES;
				SWIFT_VERSION = 5.0;
				TARGETED_DEVICE_FAMILY = 4;
				WATCHOS_DEPLOYMENT_TARGET = 7.0;
			};
			name = Debug;
		};
		4CA9CDB92541E55400A83296 /* Release */ = {
			isa = XCBuildConfiguration;
			buildSettings = {
				ALWAYS_EMBED_SWIFT_STANDARD_LIBRARIES = YES;
				ASSETCATALOG_COMPILER_APPICON_NAME = AppIcon;
				ASSETCATALOG_COMPILER_GLOBAL_ACCENT_COLOR_NAME = AccentColor;
				CODE_SIGN_STYLE = Automatic;
				DEVELOPMENT_TEAM = GQQ4RZBUL3;
				IBSC_MODULE = WristEmojis_WatchKit_Extension;
				INFOPLIST_FILE = "WristEmojis WatchKit App/Info.plist";
				MARKETING_VERSION = 1.0.0;
				PRODUCT_BUNDLE_IDENTIFIER = at.Schoder.WristEmojis.watchkitapp;
				PRODUCT_NAME = "$(TARGET_NAME)";
				SDKROOT = watchos;
				SKIP_INSTALL = YES;
				SWIFT_VERSION = 5.0;
				TARGETED_DEVICE_FAMILY = 4;
				WATCHOS_DEPLOYMENT_TARGET = 7.0;
			};
			name = Release;
		};
		4CA9CDBC2541E55400A83296 /* Debug */ = {
			isa = XCBuildConfiguration;
			buildSettings = {
				CODE_SIGN_STYLE = Automatic;
				CURRENT_PROJECT_VERSION = 1;
				DEVELOPMENT_TEAM = GQQ4RZBUL3;
				MARKETING_VERSION = 1.0.0;
				PRODUCT_BUNDLE_IDENTIFIER = at.Schoder.WristEmojis;
				PRODUCT_NAME = "$(TARGET_NAME)";
				SWIFT_VERSION = 5.0;
			};
			name = Debug;
		};
		4CA9CDBD2541E55400A83296 /* Release */ = {
			isa = XCBuildConfiguration;
			buildSettings = {
				CODE_SIGN_STYLE = Automatic;
				CURRENT_PROJECT_VERSION = 1;
				DEVELOPMENT_TEAM = GQQ4RZBUL3;
				MARKETING_VERSION = 1.0.0;
				PRODUCT_BUNDLE_IDENTIFIER = at.Schoder.WristEmojis;
				PRODUCT_NAME = "$(TARGET_NAME)";
				SWIFT_VERSION = 5.0;
			};
			name = Release;
		};
/* End XCBuildConfiguration section */

/* Begin XCConfigurationList section */
		4CA9CD8D2541E54F00A83296 /* Build configuration list for PBXProject "WristEmojis" */ = {
			isa = XCConfigurationList;
			buildConfigurations = (
				4CA9CDB12541E55400A83296 /* Debug */,
				4CA9CDB22541E55400A83296 /* Release */,
			);
			defaultConfigurationIsVisible = 0;
			defaultConfigurationName = Release;
		};
		4CA9CDB32541E55400A83296 /* Build configuration list for PBXNativeTarget "WristEmojis WatchKit Extension" */ = {
			isa = XCConfigurationList;
			buildConfigurations = (
				4CA9CDB42541E55400A83296 /* Debug */,
				4CA9CDB52541E55400A83296 /* Release */,
			);
			defaultConfigurationIsVisible = 0;
			defaultConfigurationName = Release;
		};
		4CA9CDB72541E55400A83296 /* Build configuration list for PBXNativeTarget "WristEmojis WatchKit App" */ = {
			isa = XCConfigurationList;
			buildConfigurations = (
				4CA9CDB82541E55400A83296 /* Debug */,
				4CA9CDB92541E55400A83296 /* Release */,
			);
			defaultConfigurationIsVisible = 0;
			defaultConfigurationName = Release;
		};
		4CA9CDBB2541E55400A83296 /* Build configuration list for PBXNativeTarget "WristEmojis" */ = {
			isa = XCConfigurationList;
			buildConfigurations = (
				4CA9CDBC2541E55400A83296 /* Debug */,
				4CA9CDBD2541E55400A83296 /* Release */,
			);
			defaultConfigurationIsVisible = 0;
			defaultConfigurationName = Release;
		};
/* End XCConfigurationList section */
	};
	rootObject = 4CA9CD8A2541E54F00A83296 /* Project object */;
}
